{
  "name": "Personal Portfolio (Html,SCSS)",
  "lockfileVersion": 3,
  "requires": true,
  "packages": {
    "": {
      "dependencies": {
        "animate.css": "^4.1.1",
        "input-range-scss": "^1.5.3"
      }
    },
    "node_modules/animate.css": {
      "version": "4.1.1",
      "resolved": "https://registry.npmjs.org/animate.css/-/animate.css-4.1.1.tgz",
      "integrity": "sha512-+mRmCTv6SbCmtYJCN4faJMNFVNN5EuCTTprDTAo7YzIGji2KADmakjVA3+8mVDkZ2Bf09vayB35lSQIex2+QaQ=="
    },
    "node_modules/input-range-scss": {
      "version": "1.5.3",
      "resolved": "https://registry.npmjs.org/input-range-scss/-/input-range-scss-1.5.3.tgz",
      "integrity": "sha512-yI5bUp1kyOVHm6eKPiXjAOi7A0Gv2J8569J5uRwRamy2gD9nB6PWkxQTO+KK40UBvr24/HhADOzEQ5IV9BCSpQ=="
    }
  }
}
